
Microsoft Visual Studio Solution File, Format Version 12.00
# Visual Studio Version 16
VisualStudioVersion = 16.0.30804.86
MinimumVisualStudioVersion = 10.0.40219.1
Project("{FAE04EC0-301F-11D3-BF4B-00C04F79EFBC}") = "mvc_Ej1", "mvc\mvc_Ej1.csproj", "{2B1114B4-B153-43A1-93E0-A1CCCE4E5480}"
EndProject
Global
	GlobalSection(SolutionConfigurationPlatforms) = preSolution
		Debug|Any CPU = Debug|Any CPU
		Release|Any CPU = Release|Any CPU
	EndGlobalSection
	GlobalSection(ProjectConfigurationPlatforms) = postSolution
		{2B1114B4-B153-43A1-93E0-A1CCCE4E5480}.Debug|Any CPU.ActiveCfg = Debug|Any CPU
		{2B1114B4-B153-43A1-93E0-A1CCCE4E5480}.Debug|Any CPU.Build.0 = Debug|Any CPU
		{2B1114B4-B153-43A1-93E0-A1CCCE4E5480}.Release|Any CPU.ActiveCfg = Release|Any CPU
		{2B1114B4-B153-43A1-93E0-A1CCCE4E5480}.Release|Any CPU.Build.0 = Release|Any CPU
	EndGlobalSection
	GlobalSection(SolutionProperties) = preSolution
		HideSolutionNode = FALSE
	EndGlobalSection
	GlobalSection(ExtensibilityGlobals) = postSolution
		SolutionGuid = {7D6788EE-0D7D-4939-B5D8-93EC4CCCC9A6}
	EndGlobalSection
EndGlobal
