
Microsoft Visual Studio Solution File, Format Version 12.00
# Visual Studio Version 16
VisualStudioVersion = 16.0.30804.86
MinimumVisualStudioVersion = 10.0.40219.1
Project("{FAE04EC0-301F-11D3-BF4B-00C04F79EFBC}") = "mvc_Ej2", "mvc_Ej2\mvc_Ej2.csproj", "{E7C5435C-6955-423A-906F-9B6DECFADC51}"
EndProject
Global
	GlobalSection(SolutionConfigurationPlatforms) = preSolution
		Debug|Any CPU = Debug|Any CPU
		Release|Any CPU = Release|Any CPU
	EndGlobalSection
	GlobalSection(ProjectConfigurationPlatforms) = postSolution
		{E7C5435C-6955-423A-906F-9B6DECFADC51}.Debug|Any CPU.ActiveCfg = Debug|Any CPU
		{E7C5435C-6955-423A-906F-9B6DECFADC51}.Debug|Any CPU.Build.0 = Debug|Any CPU
		{E7C5435C-6955-423A-906F-9B6DECFADC51}.Release|Any CPU.ActiveCfg = Release|Any CPU
		{E7C5435C-6955-423A-906F-9B6DECFADC51}.Release|Any CPU.Build.0 = Release|Any CPU
	EndGlobalSection
	GlobalSection(SolutionProperties) = preSolution
		HideSolutionNode = FALSE
	EndGlobalSection
	GlobalSection(ExtensibilityGlobals) = postSolution
		SolutionGuid = {6210C778-97C1-4E79-B174-0726449A38B1}
	EndGlobalSection
EndGlobal
